
Microsoft Visual Studio Solution File, Format Version 12.00
# Visual Studio 15
VisualStudioVersion = 15.0.27428.2015
MinimumVisualStudioVersion = 10.0.40219.1
Project("{F184B08F-C81C-45F6-A57F-5ABD9991F28F}") = "WindowsApp1", "WindowsApp1\WindowsApp1.vbproj", "{DCAEB3E6-9300-449A-BEDD-AAF76E6A15B5}"
EndProject
Global
	GlobalSection(SolutionConfigurationPlatforms) = preSolution
		Debug|Any CPU = Debug|Any CPU
		Release|Any CPU = Release|Any CPU
	EndGlobalSection
	GlobalSection(ProjectConfigurationPlatforms) = postSolution
		{DCAEB3E6-9300-449A-BEDD-AAF76E6A15B5}.Debug|Any CPU.ActiveCfg = Debug|Any CPU
		{DCAEB3E6-9300-449A-BEDD-AAF76E6A15B5}.Debug|Any CPU.Build.0 = Debug|Any CPU
		{DCAEB3E6-9300-449A-BEDD-AAF76E6A15B5}.Release|Any CPU.ActiveCfg = Release|Any CPU
		{DCAEB3E6-9300-449A-BEDD-AAF76E6A15B5}.Release|Any CPU.Build.0 = Release|Any CPU
	EndGlobalSection
	GlobalSection(SolutionProperties) = preSolution
		HideSolutionNode = FALSE
	EndGlobalSection
	GlobalSection(ExtensibilityGlobals) = postSolution
		SolutionGuid = {D422B31D-8FE3-4714-A1DD-4B8B2F384D15}
	EndGlobalSection
EndGlobal
